// !$*UTF8*$!
{
	archiveVersion = 1;
	classes = {
	};
	objectVersion = 56;
	objects = {

/* Begin PBXBuildFile section */
		89A413D22C49714C0031EF05 /* QuizAppApp.swift in Sources */ = {isa = PBXBuildFile; fileRef = 89A413D12C49714C0031EF05 /* QuizAppApp.swift */; };
		89A413D42C49714C0031EF05 /* ContentView.swift in Sources */ = {isa = PBXBuildFile; fileRef = 89A413D32C49714C0031EF05 /* ContentView.swift */; };
		89A413D62C49714D0031EF05 /* Assets.xcassets in Resources */ = {isa = PBXBuildFile; fileRef = 89A413D52C49714D0031EF05 /* Assets.xcassets */; };
		89A413D92C49714D0031EF05 /* Preview Assets.xcassets in Resources */ = {isa = PBXBuildFile; fileRef = 89A413D82C49714D0031EF05 /* Preview Assets.xcassets */; };
		89A413E32C49714D0031EF05 /* QuizAppTests.swift in Sources */ = {isa = PBXBuildFile; fileRef = 89A413E22C49714D0031EF05 /* QuizAppTests.swift */; };
		89A413ED2C49714D0031EF05 /* QuizAppUITests.swift in Sources */ = {isa = PBXBuildFile; fileRef = 89A413EC2C49714D0031EF05 /* QuizAppUITests.swift */; };
		89A413EF2C49714D0031EF05 /* QuizAppUITestsLaunchTests.swift in Sources */ = {isa = PBXBuildFile; fileRef = 89A413EE2C49714D0031EF05 /* QuizAppUITestsLaunchTests.swift */; };
		89A413FE2C4972CE0031EF05 /* PrimaryButton.swift in Sources */ = {isa = PBXBuildFile; fileRef = 89A413FD2C4972CE0031EF05 /* PrimaryButton.swift */; };
		89A414012C49737F0031EF05 /* Extensions.swift in Sources */ = {isa = PBXBuildFile; fileRef = 89A414002C49737F0031EF05 /* Extensions.swift */; };
		89A414032C4973C50031EF05 /* ProgressBar.swift in Sources */ = {isa = PBXBuildFile; fileRef = 89A414022C4973C50031EF05 /* ProgressBar.swift */; };
		89A414052C4974480031EF05 /* QuestionView.swift in Sources */ = {isa = PBXBuildFile; fileRef = 89A414042C4974480031EF05 /* QuestionView.swift */; };
		89A414082C4974B00031EF05 /* Answer.swift in Sources */ = {isa = PBXBuildFile; fileRef = 89A414072C4974B00031EF05 /* Answer.swift */; };
		89A4140A2C4975F40031EF05 /* AnswerRow.swift in Sources */ = {isa = PBXBuildFile; fileRef = 89A414092C4975F40031EF05 /* AnswerRow.swift */; };
		89A4140C2C4976940031EF05 /* QuizView.swift in Sources */ = {isa = PBXBuildFile; fileRef = 89A4140B2C4976940031EF05 /* QuizView.swift */; };
		89A4140E2C4977370031EF05 /* Quiz.swift in Sources */ = {isa = PBXBuildFile; fileRef = 89A4140D2C4977370031EF05 /* Quiz.swift */; };
		89A414102C4977D80031EF05 /* QuizManager.swift in Sources */ = {isa = PBXBuildFile; fileRef = 89A4140F2C4977D80031EF05 /* QuizManager.swift */; };
/* End PBXBuildFile section */

/* Begin PBXContainerItemProxy section */
		89A413DF2C49714D0031EF05 /* PBXContainerItemProxy */ = {
			isa = PBXContainerItemProxy;
			containerPortal = 89A413C62C49714C0031EF05 /* Project object */;
			proxyType = 1;
			remoteGlobalIDString = 89A413CD2C49714C0031EF05;
			remoteInfo = QuizApp;
		};
		89A413E92C49714D0031EF05 /* PBXContainerItemProxy */ = {
			isa = PBXContainerItemProxy;
			containerPortal = 89A413C62C49714C0031EF05 /* Project object */;
			proxyType = 1;
			remoteGlobalIDString = 89A413CD2C49714C0031EF05;
			remoteInfo = QuizApp;
		};
/* End PBXContainerItemProxy section */

/* Begin PBXFileReference section */
		89A413CE2C49714C0031EF05 /* QuizApp.app */ = {isa = PBXFileReference; explicitFileType = wrapper.application; includeInIndex = 0; path = QuizApp.app; sourceTree = BUILT_PRODUCTS_DIR; };
		89A413D12C49714C0031EF05 /* QuizAppApp.swift */ = {isa = PBXFileReference; lastKnownFileType = sourcecode.swift; path = QuizAppApp.swift; sourceTree = "<group>"; };
		89A413D32C49714C0031EF05 /* ContentView.swift */ = {isa = PBXFileReference; lastKnownFileType = sourcecode.swift; path = ContentView.swift; sourceTree = "<group>"; };
		89A413D52C49714D0031EF05 /* Assets.xcassets */ = {isa = PBXFileReference; lastKnownFileType = folder.assetcatalog; path = Assets.xcassets; sourceTree = "<group>"; };
		89A413D82C49714D0031EF05 /* Preview Assets.xcassets */ = {isa = PBXFileReference; lastKnownFileType = folder.assetcatalog; path = "Preview Assets.xcassets"; sourceTree = "<group>"; };
		89A413DE2C49714D0031EF05 /* QuizAppTests.xctest */ = {isa = PBXFileReference; explicitFileType = wrapper.cfbundle; includeInIndex = 0; path = QuizAppTests.xctest; sourceTree = BUILT_PRODUCTS_DIR; };
		89A413E22C49714D0031EF05 /* QuizAppTests.swift */ = {isa = PBXFileReference; lastKnownFileType = sourcecode.swift; path = QuizAppTests.swift; sourceTree = "<group>"; };
		89A413E82C49714D0031EF05 /* QuizAppUITests.xctest */ = {isa = PBXFileReference; explicitFileType = wrapper.cfbundle; includeInIndex = 0; path = QuizAppUITests.xctest; sourceTree = BUILT_PRODUCTS_DIR; };
		89A413EC2C49714D0031EF05 /* QuizAppUITests.swift */ = {isa = PBXFileReference; lastKnownFileType = sourcecode.swift; path = QuizAppUITests.swift; sourceTree = "<group>"; };
		89A413EE2C49714D0031EF05 /* QuizAppUITestsLaunchTests.swift */ = {isa = PBXFileReference; lastKnownFileType = sourcecode.swift; path = QuizAppUITestsLaunchTests.swift; sourceTree = "<group>"; };
		89A413FD2C4972CE0031EF05 /* PrimaryButton.swift */ = {isa = PBXFileReference; lastKnownFileType = sourcecode.swift; path = PrimaryButton.swift; sourceTree = "<group>"; };
		89A414002C49737F0031EF05 /* Extensions.swift */ = {isa = PBXFileReference; lastKnownFileType = sourcecode.swift; path = Extensions.swift; sourceTree = "<group>"; };
		89A414022C4973C50031EF05 /* ProgressBar.swift */ = {isa = PBXFileReference; lastKnownFileType = sourcecode.swift; path = ProgressBar.swift; sourceTree = "<group>"; };
		89A414042C4974480031EF05 /* QuestionView.swift */ = {isa = PBXFileReference; lastKnownFileType = sourcecode.swift; path = QuestionView.swift; sourceTree = "<group>"; };
		89A414072C4974B00031EF05 /* Answer.swift */ = {isa = PBXFileReference; lastKnownFileType = sourcecode.swift; path = Answer.swift; sourceTree = "<group>"; };
		89A414092C4975F40031EF05 /* AnswerRow.swift */ = {isa = PBXFileReference; lastKnownFileType = sourcecode.swift; path = AnswerRow.swift; sourceTree = "<group>"; };
		89A4140B2C4976940031EF05 /* QuizView.swift */ = {isa = PBXFileReference; lastKnownFileType = sourcecode.swift; path = QuizView.swift; sourceTree = "<group>"; };
		89A4140D2C4977370031EF05 /* Quiz.swift */ = {isa = PBXFileReference; lastKnownFileType = sourcecode.swift; path = Quiz.swift; sourceTree = "<group>"; };
		89A4140F2C4977D80031EF05 /* QuizManager.swift */ = {isa = PBXFileReference; lastKnownFileType = sourcecode.swift; path = QuizManager.swift; sourceTree = "<group>"; };
/* End PBXFileReference section */

/* Begin PBXFrameworksBuildPhase section */
		89A413CB2C49714C0031EF05 /* Frameworks */ = {
			isa = PBXFrameworksBuildPhase;
			buildActionMask = 2147483647;
			files = (
			);
			runOnlyForDeploymentPostprocessing = 0;
		};
		89A413DB2C49714D0031EF05 /* Frameworks */ = {
			isa = PBXFrameworksBuildPhase;
			buildActionMask = 2147483647;
			files = (
			);
			runOnlyForDeploymentPostprocessing = 0;
		};
		89A413E52C49714D0031EF05 /* Frameworks */ = {
			isa = PBXFrameworksBuildPhase;
			buildActionMask = 2147483647;
			files = (
			);
			runOnlyForDeploymentPostprocessing = 0;
		};
/* End PBXFrameworksBuildPhase section */

/* Begin PBXGroup section */
		89A413C52C49714C0031EF05 = {
			isa = PBXGroup;
			children = (
				89A413D02C49714C0031EF05 /* QuizApp */,
				89A413E12C49714D0031EF05 /* QuizAppTests */,
				89A413EB2C49714D0031EF05 /* QuizAppUITests */,
				89A413CF2C49714C0031EF05 /* Products */,
			);
			sourceTree = "<group>";
		};
		89A413CF2C49714C0031EF05 /* Products */ = {
			isa = PBXGroup;
			children = (
				89A413CE2C49714C0031EF05 /* QuizApp.app */,
				89A413DE2C49714D0031EF05 /* QuizAppTests.xctest */,
				89A413E82C49714D0031EF05 /* QuizAppUITests.xctest */,
			);
			name = Products;
			sourceTree = "<group>";
		};
		89A413D02C49714C0031EF05 /* QuizApp */ = {
			isa = PBXGroup;
			children = (
				89A413D12C49714C0031EF05 /* QuizAppApp.swift */,
				89A414002C49737F0031EF05 /* Extensions.swift */,
				89A413FF2C4973190031EF05 /* Views */,
				89A413FB2C49725E0031EF05 /* Components */,
				89A414062C4974650031EF05 /* Models */,
				89A413D52C49714D0031EF05 /* Assets.xcassets */,
				89A413D72C49714D0031EF05 /* Preview Content */,
				89A4140F2C4977D80031EF05 /* QuizManager.swift */,
			);
			path = QuizApp;
			sourceTree = "<group>";
		};
		89A413D72C49714D0031EF05 /* Preview Content */ = {
			isa = PBXGroup;
			children = (
				89A413D82C49714D0031EF05 /* Preview Assets.xcassets */,
			);
			path = "Preview Content";
			sourceTree = "<group>";
		};
		89A413E12C49714D0031EF05 /* QuizAppTests */ = {
			isa = PBXGroup;
			children = (
				89A413E22C49714D0031EF05 /* QuizAppTests.swift */,
			);
			path = QuizAppTests;
			sourceTree = "<group>";
		};
		89A413EB2C49714D0031EF05 /* QuizAppUITests */ = {
			isa = PBXGroup;
			children = (
				89A413EC2C49714D0031EF05 /* QuizAppUITests.swift */,
				89A413EE2C49714D0031EF05 /* QuizAppUITestsLaunchTests.swift */,
			);
			path = QuizAppUITests;
			sourceTree = "<group>";
		};
		89A413FB2C49725E0031EF05 /* Components */ = {
			isa = PBXGroup;
			children = (
				89A413FD2C4972CE0031EF05 /* PrimaryButton.swift */,
				89A414022C4973C50031EF05 /* ProgressBar.swift */,
				89A414092C4975F40031EF05 /* AnswerRow.swift */,
			);
			path = Components;
			sourceTree = "<group>";
		};
		89A413FF2C4973190031EF05 /* Views */ = {
			isa = PBXGroup;
			children = (
				89A413D32C49714C0031EF05 /* ContentView.swift */,
				89A414042C4974480031EF05 /* QuestionView.swift */,
				89A4140B2C4976940031EF05 /* QuizView.swift */,
			);
			path = Views;
			sourceTree = "<group>";
		};
		89A414062C4974650031EF05 /* Models */ = {
			isa = PBXGroup;
			children = (
				89A414072C4974B00031EF05 /* Answer.swift */,
				89A4140D2C4977370031EF05 /* Quiz.swift */,
			);
			path = Models;
			sourceTree = "<group>";
		};
/* End PBXGroup section */

/* Begin PBXNativeTarget section */
		89A413CD2C49714C0031EF05 /* QuizApp */ = {
			isa = PBXNativeTarget;
			buildConfigurationList = 89A413F22C49714D0031EF05 /* Build configuration list for PBXNativeTarget "QuizApp" */;
			buildPhases = (
				89A413CA2C49714C0031EF05 /* Sources */,
				89A413CB2C49714C0031EF05 /* Frameworks */,
				89A413CC2C49714C0031EF05 /* Resources */,
			);
			buildRules = (
			);
			dependencies = (
			);
			name = QuizApp;
			productName = QuizApp;
			productReference = 89A413CE2C49714C0031EF05 /* QuizApp.app */;
			productType = "com.apple.product-type.application";
		};
		89A413DD2C49714D0031EF05 /* QuizAppTests */ = {
			isa = PBXNativeTarget;
			buildConfigurationList = 89A413F52C49714D0031EF05 /* Build configuration list for PBXNativeTarget "QuizAppTests" */;
			buildPhases = (
				89A413DA2C49714D0031EF05 /* Sources */,
				89A413DB2C49714D0031EF05 /* Frameworks */,
				89A413DC2C49714D0031EF05 /* Resources */,
			);
			buildRules = (
			);
			dependencies = (
				89A413E02C49714D0031EF05 /* PBXTargetDependency */,
			);
			name = QuizAppTests;
			productName = QuizAppTests;
			productReference = 89A413DE2C49714D0031EF05 /* QuizAppTests.xctest */;
			productType = "com.apple.product-type.bundle.unit-test";
		};
		89A413E72C49714D0031EF05 /* QuizAppUITests */ = {
			isa = PBXNativeTarget;
			buildConfigurationList = 89A413F82C49714D0031EF05 /* Build configuration list for PBXNativeTarget "QuizAppUITests" */;
			buildPhases = (
				89A413E42C49714D0031EF05 /* Sources */,
				89A413E52C49714D0031EF05 /* Frameworks */,
				89A413E62C49714D0031EF05 /* Resources */,
			);
			buildRules = (
			);
			dependencies = (
				89A413EA2C49714D0031EF05 /* PBXTargetDependency */,
			);
			name = QuizAppUITests;
			productName = QuizAppUITests;
			productReference = 89A413E82C49714D0031EF05 /* QuizAppUITests.xctest */;
			productType = "com.apple.product-type.bundle.ui-testing";
		};
/* End PBXNativeTarget section */

/* Begin PBXProject section */
		89A413C62C49714C0031EF05 /* Project object */ = {
			isa = PBXProject;
			attributes = {
				BuildIndependentTargetsInParallel = 1;
				LastSwiftUpdateCheck = 1540;
				LastUpgradeCheck = 1540;
				TargetAttributes = {
					89A413CD2C49714C0031EF05 = {
						CreatedOnToolsVersion = 15.4;
					};
					89A413DD2C49714D0031EF05 = {
						CreatedOnToolsVersion = 15.4;
						TestTargetID = 89A413CD2C49714C0031EF05;
					};
					89A413E72C49714D0031EF05 = {
						CreatedOnToolsVersion = 15.4;
						TestTargetID = 89A413CD2C49714C0031EF05;
					};
				};
			};
			buildConfigurationList = 89A413C92C49714C0031EF05 /* Build configuration list for PBXProject "QuizApp" */;
			compatibilityVersion = "Xcode 14.0";
			developmentRegion = en;
			hasScannedForEncodings = 0;
			knownRegions = (
				en,
				Base,
			);
			mainGroup = 89A413C52C49714C0031EF05;
			productRefGroup = 89A413CF2C49714C0031EF05 /* Products */;
			projectDirPath = "";
			projectRoot = "";
			targets = (
				89A413CD2C49714C0031EF05 /* QuizApp */,
				89A413DD2C49714D0031EF05 /* QuizAppTests */,
				89A413E72C49714D0031EF05 /* QuizAppUITests */,
			);
		};
/* End PBXProject section */

/* Begin PBXResourcesBuildPhase section */
		89A413CC2C49714C0031EF05 /* Resources */ = {
			isa = PBXResourcesBuildPhase;
			buildActionMask = 2147483647;
			files = (
				89A413D92C49714D0031EF05 /* Preview Assets.xcassets in Resources */,
				89A413D62C49714D0031EF05 /* Assets.xcassets in Resources */,
			);
			runOnlyForDeploymentPostprocessing = 0;
		};
		89A413DC2C49714D0031EF05 /* Resources */ = {
			isa = PBXResourcesBuildPhase;
			buildActionMask = 2147483647;
			files = (
			);
			runOnlyForDeploymentPostprocessing = 0;
		};
		89A413E62C49714D0031EF05 /* Resources */ = {
			isa = PBXResourcesBuildPhase;
			buildActionMask = 2147483647;
			files = (
			);
			runOnlyForDeploymentPostprocessing = 0;
		};
/* End PBXResourcesBuildPhase section */

/* Begin PBXSourcesBuildPhase section */
		89A413CA2C49714C0031EF05 /* Sources */ = {
			isa = PBXSourcesBuildPhase;
			buildActionMask = 2147483647;
			files = (
				89A413FE2C4972CE0031EF05 /* PrimaryButton.swift in Sources */,
				89A413D42C49714C0031EF05 /* ContentView.swift in Sources */,
				89A4140C2C4976940031EF05 /* QuizView.swift in Sources */,
				89A4140A2C4975F40031EF05 /* AnswerRow.swift in Sources */,
				89A413D22C49714C0031EF05 /* QuizAppApp.swift in Sources */,
				89A414082C4974B00031EF05 /* Answer.swift in Sources */,
				89A4140E2C4977370031EF05 /* Quiz.swift in Sources */,
				89A414102C4977D80031EF05 /* QuizManager.swift in Sources */,
				89A414032C4973C50031EF05 /* ProgressBar.swift in Sources */,
				89A414052C4974480031EF05 /* QuestionView.swift in Sources */,
				89A414012C49737F0031EF05 /* Extensions.swift in Sources */,
			);
			runOnlyForDeploymentPostprocessing = 0;
		};
		89A413DA2C49714D0031EF05 /* Sources */ = {
			isa = PBXSourcesBuildPhase;
			buildActionMask = 2147483647;
			files = (
				89A413E32C49714D0031EF05 /* QuizAppTests.swift in Sources */,
			);
			runOnlyForDeploymentPostprocessing = 0;
		};
		89A413E42C49714D0031EF05 /* Sources */ = {
			isa = PBXSourcesBuildPhase;
			buildActionMask = 2147483647;
			files = (
				89A413ED2C49714D0031EF05 /* QuizAppUITests.swift in Sources */,
				89A413EF2C49714D0031EF05 /* QuizAppUITestsLaunchTests.swift in Sources */,
			);
			runOnlyForDeploymentPostprocessing = 0;
		};
/* End PBXSourcesBuildPhase section */

/* Begin PBXTargetDependency section */
		89A413E02C49714D0031EF05 /* PBXTargetDependency */ = {
			isa = PBXTargetDependency;
			target = 89A413CD2C49714C0031EF05 /* QuizApp */;
			targetProxy = 89A413DF2C49714D0031EF05 /* PBXContainerItemProxy */;
		};
		89A413EA2C49714D0031EF05 /* PBXTargetDependency */ = {
			isa = PBXTargetDependency;
			target = 89A413CD2C49714C0031EF05 /* QuizApp */;
			targetProxy = 89A413E92C49714D0031EF05 /* PBXContainerItemProxy */;
		};
/* End PBXTargetDependency section */

/* Begin XCBuildConfiguration section */
		89A413F02C49714D0031EF05 /* Debug */ = {
			isa = XCBuildConfiguration;
			buildSettings = {
				ALWAYS_SEARCH_USER_PATHS = NO;
				ASSETCATALOG_COMPILER_GENERATE_SWIFT_ASSET_SYMBOL_EXTENSIONS = YES;
				CLANG_ANALYZER_NONNULL = YES;
				CLANG_ANALYZER_NUMBER_OBJECT_CONVERSION = YES_AGGRESSIVE;
				CLANG_CXX_LANGUAGE_STANDARD = "gnu++20";
				CLANG_ENABLE_MODULES = YES;
				CLANG_ENABLE_OBJC_ARC = YES;
				CLANG_ENABLE_OBJC_WEAK = YES;
				CLANG_WARN_BLOCK_CAPTURE_AUTORELEASING = YES;
				CLANG_WARN_BOOL_CONVERSION = YES;
				CLANG_WARN_COMMA = YES;
				CLANG_WARN_CONSTANT_CONVERSION = YES;
				CLANG_WARN_DEPRECATED_OBJC_IMPLEMENTATIONS = YES;
				CLANG_WARN_DIRECT_OBJC_ISA_USAGE = YES_ERROR;
				CLANG_WARN_DOCUMENTATION_COMMENTS = YES;
				CLANG_WARN_EMPTY_BODY = YES;
				CLANG_WARN_ENUM_CONVERSION = YES;
				CLANG_WARN_INFINITE_RECURSION = YES;
				CLANG_WARN_INT_CONVERSION = YES;
				CLANG_WARN_NON_LITERAL_NULL_CONVERSION = YES;
				CLANG_WARN_OBJC_IMPLICIT_RETAIN_SELF = YES;
				CLANG_WARN_OBJC_LITERAL_CONVERSION = YES;
				CLANG_WARN_OBJC_ROOT_CLASS = YES_ERROR;
				CLANG_WARN_QUOTED_INCLUDE_IN_FRAMEWORK_HEADER = YES;
				CLANG_WARN_RANGE_LOOP_ANALYSIS = YES;
				CLANG_WARN_STRICT_PROTOTYPES = YES;
				CLANG_WARN_SUSPICIOUS_MOVE = YES;
				CLANG_WARN_UNGUARDED_AVAILABILITY = YES_AGGRESSIVE;
				CLANG_WARN_UNREACHABLE_CODE = YES;
				CLANG_WARN__DUPLICATE_METHOD_MATCH = YES;
				COPY_PHASE_STRIP = NO;
				DEBUG_INFORMATION_FORMAT = dwarf;
				ENABLE_STRICT_OBJC_MSGSEND = YES;
				ENABLE_TESTABILITY = YES;
				ENABLE_USER_SCRIPT_SANDBOXING = YES;
				GCC_C_LANGUAGE_STANDARD = gnu17;
				GCC_DYNAMIC_NO_PIC = NO;
				GCC_NO_COMMON_BLOCKS = YES;
				GCC_OPTIMIZATION_LEVEL = 0;
				GCC_PREPROCESSOR_DEFINITIONS = (
					"DEBUG=1",
					"$(inherited)",
				);
				GCC_WARN_64_TO_32_BIT_CONVERSION = YES;
				GCC_WARN_ABOUT_RETURN_TYPE = YES_ERROR;
				GCC_WARN_UNDECLARED_SELECTOR = YES;
				GCC_WARN_UNINITIALIZED_AUTOS = YES_AGGRESSIVE;
				GCC_WARN_UNUSED_FUNCTION = YES;
				GCC_WARN_UNUSED_VARIABLE = YES;
				IPHONEOS_DEPLOYMENT_TARGET = 17.5;
				LOCALIZATION_PREFERS_STRING_CATALOGS = YES;
				MTL_ENABLE_DEBUG_INFO = INCLUDE_SOURCE;
				MTL_FAST_MATH = YES;
				ONLY_ACTIVE_ARCH = YES;
				SDKROOT = iphoneos;
				SWIFT_ACTIVE_COMPILATION_CONDITIONS = "DEBUG $(inherited)";
				SWIFT_OPTIMIZATION_LEVEL = "-Onone";
			};
			name = Debug;
		};
		89A413F12C49714D0031EF05 /* Release */ = {
			isa = XCBuildConfiguration;
			buildSettings = {
				ALWAYS_SEARCH_USER_PATHS = NO;
				ASSETCATALOG_COMPILER_GENERATE_SWIFT_ASSET_SYMBOL_EXTENSIONS = YES;
				CLANG_ANALYZER_NONNULL = YES;
				CLANG_ANALYZER_NUMBER_OBJECT_CONVERSION = YES_AGGRESSIVE;
				CLANG_CXX_LANGUAGE_STANDARD = "gnu++20";
				CLANG_ENABLE_MODULES = YES;
				CLANG_ENABLE_OBJC_ARC = YES;
				CLANG_ENABLE_OBJC_WEAK = YES;
				CLANG_WARN_BLOCK_CAPTURE_AUTORELEASING = YES;
				CLANG_WARN_BOOL_CONVERSION = YES;
				CLANG_WARN_COMMA = YES;
				CLANG_WARN_CONSTANT_CONVERSION = YES;
				CLANG_WARN_DEPRECATED_OBJC_IMPLEMENTATIONS = YES;
				CLANG_WARN_DIRECT_OBJC_ISA_USAGE = YES_ERROR;
				CLANG_WARN_DOCUMENTATION_COMMENTS = YES;
				CLANG_WARN_EMPTY_BODY = YES;
				CLANG_WARN_ENUM_CONVERSION = YES;
				CLANG_WARN_INFINITE_RECURSION = YES;
				CLANG_WARN_INT_CONVERSION = YES;
				CLANG_WARN_NON_LITERAL_NULL_CONVERSION = YES;
				CLANG_WARN_OBJC_IMPLICIT_RETAIN_SELF = YES;
				CLANG_WARN_OBJC_LITERAL_CONVERSION = YES;
				CLANG_WARN_OBJC_ROOT_CLASS = YES_ERROR;
				CLANG_WARN_QUOTED_INCLUDE_IN_FRAMEWORK_HEADER = YES;
				CLANG_WARN_RANGE_LOOP_ANALYSIS = YES;
				CLANG_WARN_STRICT_PROTOTYPES = YES;
				CLANG_WARN_SUSPICIOUS_MOVE = YES;
				CLANG_WARN_UNGUARDED_AVAILABILITY = YES_AGGRESSIVE;
				CLANG_WARN_UNREACHABLE_CODE = YES;
				CLANG_WARN__DUPLICATE_METHOD_MATCH = YES;
				COPY_PHASE_STRIP = NO;
				DEBUG_INFORMATION_FORMAT = "dwarf-with-dsym";
				ENABLE_NS_ASSERTIONS = NO;
				ENABLE_STRICT_OBJC_MSGSEND = YES;
				ENABLE_USER_SCRIPT_SANDBOXING = YES;
				GCC_C_LANGUAGE_STANDARD = gnu17;
				GCC_NO_COMMON_BLOCKS = YES;
				GCC_WARN_64_TO_32_BIT_CONVERSION = YES;
				GCC_WARN_ABOUT_RETURN_TYPE = YES_ERROR;
				GCC_WARN_UNDECLARED_SELECTOR = YES;
				GCC_WARN_UNINITIALIZED_AUTOS = YES_AGGRESSIVE;
				GCC_WARN_UNUSED_FUNCTION = YES;
				GCC_WARN_UNUSED_VARIABLE = YES;
				IPHONEOS_DEPLOYMENT_TARGET = 17.5;
				LOCALIZATION_PREFERS_STRING_CATALOGS = YES;
				MTL_ENABLE_DEBUG_INFO = NO;
				MTL_FAST_MATH = YES;
				SDKROOT = iphoneos;
				SWIFT_COMPILATION_MODE = wholemodule;
				VALIDATE_PRODUCT = YES;
			};
			name = Release;
		};
		89A413F32C49714D0031EF05 /* Debug */ = {
			isa = XCBuildConfiguration;
			buildSettings = {
				ASSETCATALOG_COMPILER_APPICON_NAME = AppIcon;
				ASSETCATALOG_COMPILER_GLOBAL_ACCENT_COLOR_NAME = AccentColor;
				CODE_SIGN_STYLE = Automatic;
				CURRENT_PROJECT_VERSION = 1;
				DEVELOPMENT_ASSET_PATHS = "\"QuizApp/Preview Content\"";
				ENABLE_PREVIEWS = YES;
				GENERATE_INFOPLIST_FILE = YES;
				INFOPLIST_KEY_UIApplicationSceneManifest_Generation = YES;
				INFOPLIST_KEY_UIApplicationSupportsIndirectInputEvents = YES;
				INFOPLIST_KEY_UILaunchScreen_Generation = YES;
				INFOPLIST_KEY_UISupportedInterfaceOrientations_iPad = "UIInterfaceOrientationPortrait UIInterfaceOrientationPortraitUpsideDown UIInterfaceOrientationLandscapeLeft UIInterfaceOrientationLandscapeRight";
				INFOPLIST_KEY_UISupportedInterfaceOrientations_iPhone = "UIInterfaceOrientationPortrait UIInterfaceOrientationLandscapeLeft UIInterfaceOrientationLandscapeRight";
				LD_RUNPATH_SEARCH_PATHS = (
					"$(inherited)",
					"@executable_path/Frameworks",
				);
				MARKETING_VERSION = 1.0;
				PRODUCT_BUNDLE_IDENTIFIER = codeproject.QuizApp;
				PRODUCT_NAME = "$(TARGET_NAME)";
				SWIFT_EMIT_LOC_STRINGS = YES;
				SWIFT_VERSION = 5.0;
				TARGETED_DEVICE_FAMILY = "1,2";
			};
			name = Debug;
		};
		89A413F42C49714D0031EF05 /* Release */ = {
			isa = XCBuildConfiguration;
			buildSettings = {
				ASSETCATALOG_COMPILER_APPICON_NAME = AppIcon;
				ASSETCATALOG_COMPILER_GLOBAL_ACCENT_COLOR_NAME = AccentColor;
				CODE_SIGN_STYLE = Automatic;
				CURRENT_PROJECT_VERSION = 1;
				DEVELOPMENT_ASSET_PATHS = "\"QuizApp/Preview Content\"";
				ENABLE_PREVIEWS = YES;
				GENERATE_INFOPLIST_FILE = YES;
				INFOPLIST_KEY_UIApplicationSceneManifest_Generation = YES;
				INFOPLIST_KEY_UIApplicationSupportsIndirectInputEvents = YES;
				INFOPLIST_KEY_UILaunchScreen_Generation = YES;
				INFOPLIST_KEY_UISupportedInterfaceOrientations_iPad = "UIInterfaceOrientationPortrait UIInterfaceOrientationPortraitUpsideDown UIInterfaceOrientationLandscapeLeft UIInterfaceOrientationLandscapeRight";
				INFOPLIST_KEY_UISupportedInterfaceOrientations_iPhone = "UIInterfaceOrientationPortrait UIInterfaceOrientationLandscapeLeft UIInterfaceOrientationLandscapeRight";
				LD_RUNPATH_SEARCH_PATHS = (
					"$(inherited)",
					"@executable_path/Frameworks",
				);
				MARKETING_VERSION = 1.0;
				PRODUCT_BUNDLE_IDENTIFIER = codeproject.QuizApp;
				PRODUCT_NAME = "$(TARGET_NAME)";
				SWIFT_EMIT_LOC_STRINGS = YES;
				SWIFT_VERSION = 5.0;
				TARGETED_DEVICE_FAMILY = "1,2";
			};
			name = Release;
		};
		89A413F62C49714D0031EF05 /* Debug */ = {
			isa = XCBuildConfiguration;
			buildSettings = {
				ALWAYS_EMBED_SWIFT_STANDARD_LIBRARIES = YES;
				BUNDLE_LOADER = "$(TEST_HOST)";
				CODE_SIGN_STYLE = Automatic;
				CURRENT_PROJECT_VERSION = 1;
				GENERATE_INFOPLIST_FILE = YES;
				IPHONEOS_DEPLOYMENT_TARGET = 17.5;
				MARKETING_VERSION = 1.0;
				PRODUCT_BUNDLE_IDENTIFIER = codeproject.QuizAppTests;
				PRODUCT_NAME = "$(TARGET_NAME)";
				SWIFT_EMIT_LOC_STRINGS = NO;
				SWIFT_VERSION = 5.0;
				TARGETED_DEVICE_FAMILY = "1,2";
				TEST_HOST = "$(BUILT_PRODUCTS_DIR)/QuizApp.app/$(BUNDLE_EXECUTABLE_FOLDER_PATH)/QuizApp";
			};
			name = Debug;
		};
		89A413F72C49714D0031EF05 /* Release */ = {
			isa = XCBuildConfiguration;
			buildSettings = {
				ALWAYS_EMBED_SWIFT_STANDARD_LIBRARIES = YES;
				BUNDLE_LOADER = "$(TEST_HOST)";
				CODE_SIGN_STYLE = Automatic;
				CURRENT_PROJECT_VERSION = 1;
				GENERATE_INFOPLIST_FILE = YES;
				IPHONEOS_DEPLOYMENT_TARGET = 17.5;
				MARKETING_VERSION = 1.0;
				PRODUCT_BUNDLE_IDENTIFIER = codeproject.QuizAppTests;
				PRODUCT_NAME = "$(TARGET_NAME)";
				SWIFT_EMIT_LOC_STRINGS = NO;
				SWIFT_VERSION = 5.0;
				TARGETED_DEVICE_FAMILY = "1,2";
				TEST_HOST = "$(BUILT_PRODUCTS_DIR)/QuizApp.app/$(BUNDLE_EXECUTABLE_FOLDER_PATH)/QuizApp";
			};
			name = Release;
		};
		89A413F92C49714D0031EF05 /* Debug */ = {
			isa = XCBuildConfiguration;
			buildSettings = {
				ALWAYS_EMBED_SWIFT_STANDARD_LIBRARIES = YES;
				CODE_SIGN_STYLE = Automatic;
				CURRENT_PROJECT_VERSION = 1;
				GENERATE_INFOPLIST_FILE = YES;
				MARKETING_VERSION = 1.0;
				PRODUCT_BUNDLE_IDENTIFIER = codeproject.QuizAppUITests;
				PRODUCT_NAME = "$(TARGET_NAME)";
				SWIFT_EMIT_LOC_STRINGS = NO;
				SWIFT_VERSION = 5.0;
				TARGETED_DEVICE_FAMILY = "1,2";
				TEST_TARGET_NAME = QuizApp;
			};
			name = Debug;
		};
		89A413FA2C49714D0031EF05 /* Release */ = {
			isa = XCBuildConfiguration;
			buildSettings = {
				ALWAYS_EMBED_SWIFT_STANDARD_LIBRARIES = YES;
				CODE_SIGN_STYLE = Automatic;
				CURRENT_PROJECT_VERSION = 1;
				GENERATE_INFOPLIST_FILE = YES;
				MARKETING_VERSION = 1.0;
				PRODUCT_BUNDLE_IDENTIFIER = codeproject.QuizAppUITests;
				PRODUCT_NAME = "$(TARGET_NAME)";
				SWIFT_EMIT_LOC_STRINGS = NO;
				SWIFT_VERSION = 5.0;
				TARGETED_DEVICE_FAMILY = "1,2";
				TEST_TARGET_NAME = QuizApp;
			};
			name = Release;
		};
/* End XCBuildConfiguration section */

/* Begin XCConfigurationList section */
		89A413C92C49714C0031EF05 /* Build configuration list for PBXProject "QuizApp" */ = {
			isa = XCConfigurationList;
			buildConfigurations = (
				89A413F02C49714D0031EF05 /* Debug */,
				89A413F12C49714D0031EF05 /* Release */,
			);
			defaultConfigurationIsVisible = 0;
			defaultConfigurationName = Release;
		};
		89A413F22C49714D0031EF05 /* Build configuration list for PBXNativeTarget "QuizApp" */ = {
			isa = XCConfigurationList;
			buildConfigurations = (
				89A413F32C49714D0031EF05 /* Debug */,
				89A413F42C49714D0031EF05 /* Release */,
			);
			defaultConfigurationIsVisible = 0;
			defaultConfigurationName = Release;
		};
		89A413F52C49714D0031EF05 /* Build configuration list for PBXNativeTarget "QuizAppTests" */ = {
			isa = XCConfigurationList;
			buildConfigurations = (
				89A413F62C49714D0031EF05 /* Debug */,
				89A413F72C49714D0031EF05 /* Release */,
			);
			defaultConfigurationIsVisible = 0;
			defaultConfigurationName = Release;
		};
		89A413F82C49714D0031EF05 /* Build configuration list for PBXNativeTarget "QuizAppUITests" */ = {
			isa = XCConfigurationList;
			buildConfigurations = (
				89A413F92C49714D0031EF05 /* Debug */,
				89A413FA2C49714D0031EF05 /* Release */,
			);
			defaultConfigurationIsVisible = 0;
			defaultConfigurationName = Release;
		};
/* End XCConfigurationList section */
	};
	rootObject = 89A413C62C49714C0031EF05 /* Project object */;
}
